
Microsoft Visual Studio Solution File, Format Version 12.00
# Visual Studio Version 17
VisualStudioVersion = 17.13.35825.156
MinimumVisualStudioVersion = 10.0.40219.1
Project("{FAE04EC0-301F-11D3-BF4B-00C04F79EFBC}") = "DesktopPortal", "DesktopPortal.csproj", "{0B1CAC7B-38F1-4FF4-BFCA-61AF8F08ACF7}"
EndProject
Global
	GlobalSection(SolutionConfigurationPlatforms) = preSolution
		Debug|Any CPU = Debug|Any CPU
		Release|Any CPU = Release|Any CPU
	EndGlobalSection
	GlobalSection(ProjectConfigurationPlatforms) = postSolution
		{0B1CAC7B-38F1-4FF4-BFCA-61AF8F08ACF7}.Debug|Any CPU.ActiveCfg = Debug|Any CPU
		{0B1CAC7B-38F1-4FF4-BFCA-61AF8F08ACF7}.Debug|Any CPU.Build.0 = Debug|Any CPU
		{0B1CAC7B-38F1-4FF4-BFCA-61AF8F08ACF7}.Release|Any CPU.ActiveCfg = Release|Any CPU
		{0B1CAC7B-38F1-4FF4-BFCA-61AF8F08ACF7}.Release|Any CPU.Build.0 = Release|Any CPU
	EndGlobalSection
	GlobalSection(SolutionProperties) = preSolution
		HideSolutionNode = FALSE
	EndGlobalSection
	GlobalSection(ExtensibilityGlobals) = postSolution
		SolutionGuid = {CD58CCEE-C237-482A-9BD0-41C4C296B78C}
	EndGlobalSection
EndGlobal
